// !$*UTF8*$!
{
	archiveVersion = 1;
	classes = {
	};
	objectVersion = 46;
	objects = {

/* Begin PBXBuildFile section */
		79244A951E94C51B00674E70 /* AppDelegate.swift in Sources */ = {isa = PBXBuildFile; fileRef = 79244A941E94C51B00674E70 /* AppDelegate.swift */; };
		79244A971E94C51B00674E70 /* ViewController.swift in Sources */ = {isa = PBXBuildFile; fileRef = 79244A961E94C51B00674E70 /* ViewController.swift */; };
		79244A9A1E94C51B00674E70 /* Main.storyboard in Resources */ = {isa = PBXBuildFile; fileRef = 79244A981E94C51B00674E70 /* Main.storyboard */; };
		79244A9C1E94C51B00674E70 /* Assets.xcassets in Resources */ = {isa = PBXBuildFile; fileRef = 79244A9B1E94C51B00674E70 /* Assets.xcassets */; };
		79244A9F1E94C51B00674E70 /* LaunchScreen.storyboard in Resources */ = {isa = PBXBuildFile; fileRef = 79244A9D1E94C51B00674E70 /* LaunchScreen.storyboard */; };
		79244AA71E94CCE000674E70 /* pokemon.csv in Resources */ = {isa = PBXBuildFile; fileRef = 79244AA61E94CCE000674E70 /* pokemon.csv */; };
		79244AAA1E94D05C00674E70 /* Pokemon.swift in Sources */ = {isa = PBXBuildFile; fileRef = 79244AA91E94D05C00674E70 /* Pokemon.swift */; };
		79244AAD1E953E0B00674E70 /* PokeCell.swift in Sources */ = {isa = PBXBuildFile; fileRef = 79244AAC1E953E0B00674E70 /* PokeCell.swift */; };
		79244AAF1E9546BC00674E70 /* csv.swift in Sources */ = {isa = PBXBuildFile; fileRef = 79244AAE1E9546BC00674E70 /* csv.swift */; };
		79244AB11E954C9300674E70 /* pokemon.json in Resources */ = {isa = PBXBuildFile; fileRef = 79244AB01E954C9300674E70 /* pokemon.json */; };
		794B75051E967DCE0064D87E /* Pokemon-Solid.ttf in Resources */ = {isa = PBXBuildFile; fileRef = 794B75041E967DCE0064D87E /* Pokemon-Solid.ttf */; };
		794B750B1E96805B0064D87E /* music.mp3 in Resources */ = {isa = PBXBuildFile; fileRef = 794B75091E96805B0064D87E /* music.mp3 */; };
		794B750C1E96805B0064D87E /* music.png in Resources */ = {isa = PBXBuildFile; fileRef = 794B750A1E96805B0064D87E /* music.png */; };
/* End PBXBuildFile section */

/* Begin PBXFileReference section */
		79244A911E94C51B00674E70 /* pokedex.app */ = {isa = PBXFileReference; explicitFileType = wrapper.application; includeInIndex = 0; path = pokedex.app; sourceTree = BUILT_PRODUCTS_DIR; };
		79244A941E94C51B00674E70 /* AppDelegate.swift */ = {isa = PBXFileReference; lastKnownFileType = sourcecode.swift; path = AppDelegate.swift; sourceTree = "<group>"; };
		79244A961E94C51B00674E70 /* ViewController.swift */ = {isa = PBXFileReference; lastKnownFileType = sourcecode.swift; path = ViewController.swift; sourceTree = "<group>"; };
		79244A991E94C51B00674E70 /* Base */ = {isa = PBXFileReference; lastKnownFileType = file.storyboard; name = Base; path = Base.lproj/Main.storyboard; sourceTree = "<group>"; };
		79244A9B1E94C51B00674E70 /* Assets.xcassets */ = {isa = PBXFileReference; lastKnownFileType = folder.assetcatalog; path = Assets.xcassets; sourceTree = "<group>"; };
		79244A9E1E94C51B00674E70 /* Base */ = {isa = PBXFileReference; lastKnownFileType = file.storyboard; name = Base; path = Base.lproj/LaunchScreen.storyboard; sourceTree = "<group>"; };
		79244AA01E94C51B00674E70 /* Info.plist */ = {isa = PBXFileReference; lastKnownFileType = text.plist.xml; path = Info.plist; sourceTree = "<group>"; };
		79244AA61E94CCE000674E70 /* pokemon.csv */ = {isa = PBXFileReference; fileEncoding = 4; lastKnownFileType = text; path = pokemon.csv; sourceTree = "<group>"; };
		79244AA91E94D05C00674E70 /* Pokemon.swift */ = {isa = PBXFileReference; fileEncoding = 4; lastKnownFileType = sourcecode.swift; path = Pokemon.swift; sourceTree = "<group>"; };
		79244AAC1E953E0B00674E70 /* PokeCell.swift */ = {isa = PBXFileReference; fileEncoding = 4; lastKnownFileType = sourcecode.swift; path = PokeCell.swift; sourceTree = "<group>"; };
		79244AAE1E9546BC00674E70 /* csv.swift */ = {isa = PBXFileReference; fileEncoding = 4; lastKnownFileType = sourcecode.swift; path = csv.swift; sourceTree = "<group>"; };
		79244AB01E954C9300674E70 /* pokemon.json */ = {isa = PBXFileReference; fileEncoding = 4; lastKnownFileType = text.json; path = pokemon.json; sourceTree = "<group>"; };
		794B75041E967DCE0064D87E /* Pokemon-Solid.ttf */ = {isa = PBXFileReference; lastKnownFileType = file; path = "Pokemon-Solid.ttf"; sourceTree = "<group>"; };
		794B75091E96805B0064D87E /* music.mp3 */ = {isa = PBXFileReference; lastKnownFileType = audio.mp3; path = music.mp3; sourceTree = "<group>"; };
		794B750A1E96805B0064D87E /* music.png */ = {isa = PBXFileReference; lastKnownFileType = image.png; path = music.png; sourceTree = "<group>"; };
/* End PBXFileReference section */

/* Begin PBXFrameworksBuildPhase section */
		79244A8E1E94C51B00674E70 /* Frameworks */ = {
			isa = PBXFrameworksBuildPhase;
			buildActionMask = 2147483647;
			files = (
			);
			runOnlyForDeploymentPostprocessing = 0;
		};
/* End PBXFrameworksBuildPhase section */

/* Begin PBXGroup section */
		79244A881E94C51B00674E70 = {
			isa = PBXGroup;
			children = (
				79244A931E94C51B00674E70 /* pokedex */,
				79244A921E94C51B00674E70 /* Products */,
			);
			sourceTree = "<group>";
		};
		79244A921E94C51B00674E70 /* Products */ = {
			isa = PBXGroup;
			children = (
				79244A911E94C51B00674E70 /* pokedex.app */,
			);
			name = Products;
			sourceTree = "<group>";
		};
		79244A931E94C51B00674E70 /* pokedex */ = {
			isa = PBXGroup;
			children = (
				79244AA81E94D03D00674E70 /* Model */,
				79244AAB1E953DED00674E70 /* View */,
				794B75061E967E040064D87E /* Controller */,
				794B75081E967E220064D87E /* Utilities */,
				794B75071E967E0E0064D87E /* Resources */,
				79244A941E94C51B00674E70 /* AppDelegate.swift */,
				79244A981E94C51B00674E70 /* Main.storyboard */,
				79244A9B1E94C51B00674E70 /* Assets.xcassets */,
				79244A9D1E94C51B00674E70 /* LaunchScreen.storyboard */,
				79244AA01E94C51B00674E70 /* Info.plist */,
			);
			path = pokedex;
			sourceTree = "<group>";
		};
		79244AA81E94D03D00674E70 /* Model */ = {
			isa = PBXGroup;
			children = (
				79244AA91E94D05C00674E70 /* Pokemon.swift */,
			);
			name = Model;
			sourceTree = "<group>";
		};
		79244AAB1E953DED00674E70 /* View */ = {
			isa = PBXGroup;
			children = (
				79244AAC1E953E0B00674E70 /* PokeCell.swift */,
			);
			name = View;
			sourceTree = "<group>";
		};
		794B75061E967E040064D87E /* Controller */ = {
			isa = PBXGroup;
			children = (
				79244A961E94C51B00674E70 /* ViewController.swift */,
			);
			name = Controller;
			sourceTree = "<group>";
		};
		794B75071E967E0E0064D87E /* Resources */ = {
			isa = PBXGroup;
			children = (
				794B75041E967DCE0064D87E /* Pokemon-Solid.ttf */,
				79244AA61E94CCE000674E70 /* pokemon.csv */,
				79244AB01E954C9300674E70 /* pokemon.json */,
				794B75091E96805B0064D87E /* music.mp3 */,
				794B750A1E96805B0064D87E /* music.png */,
			);
			name = Resources;
			sourceTree = "<group>";
		};
		794B75081E967E220064D87E /* Utilities */ = {
			isa = PBXGroup;
			children = (
				79244AAE1E9546BC00674E70 /* csv.swift */,
			);
			name = Utilities;
			sourceTree = "<group>";
		};
/* End PBXGroup section */

/* Begin PBXNativeTarget section */
		79244A901E94C51B00674E70 /* pokedex */ = {
			isa = PBXNativeTarget;
			buildConfigurationList = 79244AA31E94C51B00674E70 /* Build configuration list for PBXNativeTarget "pokedex" */;
			buildPhases = (
				79244A8D1E94C51B00674E70 /* Sources */,
				79244A8E1E94C51B00674E70 /* Frameworks */,
				79244A8F1E94C51B00674E70 /* Resources */,
			);
			buildRules = (
			);
			dependencies = (
			);
			name = pokedex;
			productName = pokedex;
			productReference = 79244A911E94C51B00674E70 /* pokedex.app */;
			productType = "com.apple.product-type.application";
		};
/* End PBXNativeTarget section */

/* Begin PBXProject section */
		79244A891E94C51B00674E70 /* Project object */ = {
			isa = PBXProject;
			attributes = {
				LastSwiftUpdateCheck = 0830;
				LastUpgradeCheck = 0830;
				ORGANIZATIONNAME = Ray;
				TargetAttributes = {
					79244A901E94C51B00674E70 = {
						CreatedOnToolsVersion = 8.3;
						DevelopmentTeam = R33X9HN7ET;
						LastSwiftMigration = 0830;
						ProvisioningStyle = Automatic;
					};
				};
			};
			buildConfigurationList = 79244A8C1E94C51B00674E70 /* Build configuration list for PBXProject "pokedex" */;
			compatibilityVersion = "Xcode 3.2";
			developmentRegion = English;
			hasScannedForEncodings = 0;
			knownRegions = (
				en,
				Base,
			);
			mainGroup = 79244A881E94C51B00674E70;
			productRefGroup = 79244A921E94C51B00674E70 /* Products */;
			projectDirPath = "";
			projectRoot = "";
			targets = (
				79244A901E94C51B00674E70 /* pokedex */,
			);
		};
/* End PBXProject section */

/* Begin PBXResourcesBuildPhase section */
		79244A8F1E94C51B00674E70 /* Resources */ = {
			isa = PBXResourcesBuildPhase;
			buildActionMask = 2147483647;
			files = (
				79244A9F1E94C51B00674E70 /* LaunchScreen.storyboard in Resources */,
				79244AB11E954C9300674E70 /* pokemon.json in Resources */,
				79244A9C1E94C51B00674E70 /* Assets.xcassets in Resources */,
				794B75051E967DCE0064D87E /* Pokemon-Solid.ttf in Resources */,
				79244AA71E94CCE000674E70 /* pokemon.csv in Resources */,
				794B750C1E96805B0064D87E /* music.png in Resources */,
				794B750B1E96805B0064D87E /* music.mp3 in Resources */,
				79244A9A1E94C51B00674E70 /* Main.storyboard in Resources */,
			);
			runOnlyForDeploymentPostprocessing = 0;
		};
/* End PBXResourcesBuildPhase section */

/* Begin PBXSourcesBuildPhase section */
		79244A8D1E94C51B00674E70 /* Sources */ = {
			isa = PBXSourcesBuildPhase;
			buildActionMask = 2147483647;
			files = (
				79244AAD1E953E0B00674E70 /* PokeCell.swift in Sources */,
				79244A971E94C51B00674E70 /* ViewController.swift in Sources */,
				79244A951E94C51B00674E70 /* AppDelegate.swift in Sources */,
				79244AAA1E94D05C00674E70 /* Pokemon.swift in Sources */,
				79244AAF1E9546BC00674E70 /* csv.swift in Sources */,
			);
			runOnlyForDeploymentPostprocessing = 0;
		};
/* End PBXSourcesBuildPhase section */

/* Begin PBXVariantGroup section */
		79244A981E94C51B00674E70 /* Main.storyboard */ = {
			isa = PBXVariantGroup;
			children = (
				79244A991E94C51B00674E70 /* Base */,
			);
			name = Main.storyboard;
			sourceTree = "<group>";
		};
		79244A9D1E94C51B00674E70 /* LaunchScreen.storyboard */ = {
			isa = PBXVariantGroup;
			children = (
				79244A9E1E94C51B00674E70 /* Base */,
			);
			name = LaunchScreen.storyboard;
			sourceTree = "<group>";
		};
/* End PBXVariantGroup section */

/* Begin XCBuildConfiguration section */
		79244AA11E94C51B00674E70 /* Debug */ = {
			isa = XCBuildConfiguration;
			buildSettings = {
				ALWAYS_SEARCH_USER_PATHS = NO;
				CLANG_ANALYZER_NONNULL = YES;
				CLANG_ANALYZER_NUMBER_OBJECT_CONVERSION = YES_AGGRESSIVE;
				CLANG_CXX_LANGUAGE_STANDARD = "gnu++0x";
				CLANG_CXX_LIBRARY = "libc++";
				CLANG_ENABLE_MODULES = YES;
				CLANG_ENABLE_OBJC_ARC = YES;
				CLANG_WARN_BOOL_CONVERSION = YES;
				CLANG_WARN_CONSTANT_CONVERSION = YES;
				CLANG_WARN_DIRECT_OBJC_ISA_USAGE = YES_ERROR;
				CLANG_WARN_DOCUMENTATION_COMMENTS = YES;
				CLANG_WARN_EMPTY_BODY = YES;
				CLANG_WARN_ENUM_CONVERSION = YES;
				CLANG_WARN_INFINITE_RECURSION = YES;
				CLANG_WARN_INT_CONVERSION = YES;
				CLANG_WARN_OBJC_ROOT_CLASS = YES_ERROR;
				CLANG_WARN_SUSPICIOUS_MOVE = YES;
				CLANG_WARN_UNREACHABLE_CODE = YES;
				CLANG_WARN__DUPLICATE_METHOD_MATCH = YES;
				"CODE_SIGN_IDENTITY[sdk=iphoneos*]" = "iPhone Developer";
				COPY_PHASE_STRIP = NO;
				DEBUG_INFORMATION_FORMAT = dwarf;
				ENABLE_STRICT_OBJC_MSGSEND = YES;
				ENABLE_TESTABILITY = YES;
				GCC_C_LANGUAGE_STANDARD = gnu99;
				GCC_DYNAMIC_NO_PIC = NO;
				GCC_NO_COMMON_BLOCKS = YES;
				GCC_OPTIMIZATION_LEVEL = 0;
				GCC_PREPROCESSOR_DEFINITIONS = (
					"DEBUG=1",
					"$(inherited)",
				);
				GCC_WARN_64_TO_32_BIT_CONVERSION = YES;
				GCC_WARN_ABOUT_RETURN_TYPE = YES_ERROR;
				GCC_WARN_UNDECLARED_SELECTOR = YES;
				GCC_WARN_UNINITIALIZED_AUTOS = YES_AGGRESSIVE;
				GCC_WARN_UNUSED_FUNCTION = YES;
				GCC_WARN_UNUSED_VARIABLE = YES;
				IPHONEOS_DEPLOYMENT_TARGET = 10.3;
				MTL_ENABLE_DEBUG_INFO = YES;
				ONLY_ACTIVE_ARCH = YES;
				SDKROOT = iphoneos;
				SWIFT_ACTIVE_COMPILATION_CONDITIONS = DEBUG;
				SWIFT_OPTIMIZATION_LEVEL = "-Onone";
			};
			name = Debug;
		};
		79244AA21E94C51B00674E70 /* Release */ = {
			isa = XCBuildConfiguration;
			buildSettings = {
				ALWAYS_SEARCH_USER_PATHS = NO;
				CLANG_ANALYZER_NONNULL = YES;
				CLANG_ANALYZER_NUMBER_OBJECT_CONVERSION = YES_AGGRESSIVE;
				CLANG_CXX_LANGUAGE_STANDARD = "gnu++0x";
				CLANG_CXX_LIBRARY = "libc++";
				CLANG_ENABLE_MODULES = YES;
				CLANG_ENABLE_OBJC_ARC = YES;
				CLANG_WARN_BOOL_CONVERSION = YES;
				CLANG_WARN_CONSTANT_CONVERSION = YES;
				CLANG_WARN_DIRECT_OBJC_ISA_USAGE = YES_ERROR;
				CLANG_WARN_DOCUMENTATION_COMMENTS = YES;
				CLANG_WARN_EMPTY_BODY = YES;
				CLANG_WARN_ENUM_CONVERSION = YES;
				CLANG_WARN_INFINITE_RECURSION = YES;
				CLANG_WARN_INT_CONVERSION = YES;
				CLANG_WARN_OBJC_ROOT_CLASS = YES_ERROR;
				CLANG_WARN_SUSPICIOUS_MOVE = YES;
				CLANG_WARN_UNREACHABLE_CODE = YES;
				CLANG_WARN__DUPLICATE_METHOD_MATCH = YES;
				"CODE_SIGN_IDENTITY[sdk=iphoneos*]" = "iPhone Developer";
				COPY_PHASE_STRIP = NO;
				DEBUG_INFORMATION_FORMAT = "dwarf-with-dsym";
				ENABLE_NS_ASSERTIONS = NO;
				ENABLE_STRICT_OBJC_MSGSEND = YES;
				GCC_C_LANGUAGE_STANDARD = gnu99;
				GCC_NO_COMMON_BLOCKS = YES;
				GCC_WARN_64_TO_32_BIT_CONVERSION = YES;
				GCC_WARN_ABOUT_RETURN_TYPE = YES_ERROR;
				GCC_WARN_UNDECLARED_SELECTOR = YES;
				GCC_WARN_UNINITIALIZED_AUTOS = YES_AGGRESSIVE;
				GCC_WARN_UNUSED_FUNCTION = YES;
				GCC_WARN_UNUSED_VARIABLE = YES;
				IPHONEOS_DEPLOYMENT_TARGET = 10.3;
				MTL_ENABLE_DEBUG_INFO = NO;
				SDKROOT = iphoneos;
				SWIFT_OPTIMIZATION_LEVEL = "-Owholemodule";
				VALIDATE_PRODUCT = YES;
			};
			name = Release;
		};
		79244AA41E94C51B00674E70 /* Debug */ = {
			isa = XCBuildConfiguration;
			buildSettings = {
				ASSETCATALOG_COMPILER_APPICON_NAME = AppIcon;
				DEVELOPMENT_TEAM = R33X9HN7ET;
				INFOPLIST_FILE = pokedex/Info.plist;
				LD_RUNPATH_SEARCH_PATHS = "$(inherited) @executable_path/Frameworks";
				PRODUCT_BUNDLE_IDENTIFIER = com.likeabossapp.pokedex;
				PRODUCT_NAME = "$(TARGET_NAME)";
				SWIFT_VERSION = 3.0;
			};
			name = Debug;
		};
		79244AA51E94C51B00674E70 /* Release */ = {
			isa = XCBuildConfiguration;
			buildSettings = {
				ASSETCATALOG_COMPILER_APPICON_NAME = AppIcon;
				DEVELOPMENT_TEAM = R33X9HN7ET;
				INFOPLIST_FILE = pokedex/Info.plist;
				LD_RUNPATH_SEARCH_PATHS = "$(inherited) @executable_path/Frameworks";
				PRODUCT_BUNDLE_IDENTIFIER = com.likeabossapp.pokedex;
				PRODUCT_NAME = "$(TARGET_NAME)";
				SWIFT_VERSION = 3.0;
			};
			name = Release;
		};
/* End XCBuildConfiguration section */

/* Begin XCConfigurationList section */
		79244A8C1E94C51B00674E70 /* Build configuration list for PBXProject "pokedex" */ = {
			isa = XCConfigurationList;
			buildConfigurations = (
				79244AA11E94C51B00674E70 /* Debug */,
				79244AA21E94C51B00674E70 /* Release */,
			);
			defaultConfigurationIsVisible = 0;
			defaultConfigurationName = Release;
		};
		79244AA31E94C51B00674E70 /* Build configuration list for PBXNativeTarget "pokedex" */ = {
			isa = XCConfigurationList;
			buildConfigurations = (
				79244AA41E94C51B00674E70 /* Debug */,
				79244AA51E94C51B00674E70 /* Release */,
			);
			defaultConfigurationIsVisible = 0;
			defaultConfigurationName = Release;
		};
/* End XCConfigurationList section */
	};
	rootObject = 79244A891E94C51B00674E70 /* Project object */;
}
